// !$*UTF8*$!
{
	archiveVersion = 1;
	classes = {
	};
	objectVersion = 50;
	objects = {

/* Begin PBXBuildFile section */
		A107977C22A75C7C00715458 /* AppDelegate.swift in Sources */ = {isa = PBXBuildFile; fileRef = A107977B22A75C7C00715458 /* AppDelegate.swift */; };
		A107977E22A75C7C00715458 /* ViewController.swift in Sources */ = {isa = PBXBuildFile; fileRef = A107977D22A75C7C00715458 /* ViewController.swift */; };
		A107978122A75C7C00715458 /* Main.storyboard in Resources */ = {isa = PBXBuildFile; fileRef = A107977F22A75C7C00715458 /* Main.storyboard */; };
		A107978322A75C7C00715458 /* Assets.xcassets in Resources */ = {isa = PBXBuildFile; fileRef = A107978222A75C7C00715458 /* Assets.xcassets */; };
		A107978622A75C7C00715458 /* LaunchScreen.storyboard in Resources */ = {isa = PBXBuildFile; fileRef = A107978422A75C7C00715458 /* LaunchScreen.storyboard */; };
		A10D3D0722A7A459009E440D /* toy_drummer.usdz in Resources */ = {isa = PBXBuildFile; fileRef = A10D3D0622A7A459009E440D /* toy_drummer.usdz */; };
		A10D3D0922A7A5C4009E440D /* redchair.usdz in Resources */ = {isa = PBXBuildFile; fileRef = A10D3D0822A7A5C4009E440D /* redchair.usdz */; };
/* End PBXBuildFile section */

/* Begin PBXFileReference section */
		A107977822A75C7C00715458 /* ToysAR.app */ = {isa = PBXFileReference; explicitFileType = wrapper.application; includeInIndex = 0; path = ToysAR.app; sourceTree = BUILT_PRODUCTS_DIR; };
		A107977B22A75C7C00715458 /* AppDelegate.swift */ = {isa = PBXFileReference; lastKnownFileType = sourcecode.swift; path = AppDelegate.swift; sourceTree = "<group>"; };
		A107977D22A75C7C00715458 /* ViewController.swift */ = {isa = PBXFileReference; lastKnownFileType = sourcecode.swift; path = ViewController.swift; sourceTree = "<group>"; };
		A107978022A75C7C00715458 /* Base */ = {isa = PBXFileReference; lastKnownFileType = file.storyboard; name = Base; path = Base.lproj/Main.storyboard; sourceTree = "<group>"; };
		A107978222A75C7C00715458 /* Assets.xcassets */ = {isa = PBXFileReference; lastKnownFileType = folder.assetcatalog; path = Assets.xcassets; sourceTree = "<group>"; };
		A107978522A75C7C00715458 /* Base */ = {isa = PBXFileReference; lastKnownFileType = file.storyboard; name = Base; path = Base.lproj/LaunchScreen.storyboard; sourceTree = "<group>"; };
		A107978722A75C7C00715458 /* Info.plist */ = {isa = PBXFileReference; lastKnownFileType = text.plist.xml; path = Info.plist; sourceTree = "<group>"; };
		A10D3D0622A7A459009E440D /* toy_drummer.usdz */ = {isa = PBXFileReference; lastKnownFileType = file; path = toy_drummer.usdz; sourceTree = "<group>"; };
		A10D3D0822A7A5C4009E440D /* redchair.usdz */ = {isa = PBXFileReference; lastKnownFileType = file; path = redchair.usdz; sourceTree = "<group>"; };
/* End PBXFileReference section */

/* Begin PBXFrameworksBuildPhase section */
		A107977522A75C7C00715458 /* Frameworks */ = {
			isa = PBXFrameworksBuildPhase;
			buildActionMask = 2147483647;
			files = (
			);
			runOnlyForDeploymentPostprocessing = 0;
		};
/* End PBXFrameworksBuildPhase section */

/* Begin PBXGroup section */
		A107976F22A75C7C00715458 = {
			isa = PBXGroup;
			children = (
				A107977A22A75C7C00715458 /* ToysAR */,
				A107977922A75C7C00715458 /* Products */,
			);
			sourceTree = "<group>";
		};
		A107977922A75C7C00715458 /* Products */ = {
			isa = PBXGroup;
			children = (
				A107977822A75C7C00715458 /* ToysAR.app */,
			);
			name = Products;
			sourceTree = "<group>";
		};
		A107977A22A75C7C00715458 /* ToysAR */ = {
			isa = PBXGroup;
			children = (
				A107978F22A774A900715458 /* model */,
				A107977B22A75C7C00715458 /* AppDelegate.swift */,
				A107977D22A75C7C00715458 /* ViewController.swift */,
				A107977F22A75C7C00715458 /* Main.storyboard */,
				A107978222A75C7C00715458 /* Assets.xcassets */,
				A107978422A75C7C00715458 /* LaunchScreen.storyboard */,
				A107978722A75C7C00715458 /* Info.plist */,
			);
			path = ToysAR;
			sourceTree = "<group>";
		};
		A107978F22A774A900715458 /* model */ = {
			isa = PBXGroup;
			children = (
				A10D3D0622A7A459009E440D /* toy_drummer.usdz */,
				A10D3D0822A7A5C4009E440D /* redchair.usdz */,
			);
			path = model;
			sourceTree = "<group>";
		};
/* End PBXGroup section */

/* Begin PBXNativeTarget section */
		A107977722A75C7C00715458 /* ToysAR */ = {
			isa = PBXNativeTarget;
			buildConfigurationList = A107978A22A75C7C00715458 /* Build configuration list for PBXNativeTarget "ToysAR" */;
			buildPhases = (
				A107977422A75C7C00715458 /* Sources */,
				A107977522A75C7C00715458 /* Frameworks */,
				A107977622A75C7C00715458 /* Resources */,
			);
			buildRules = (
			);
			dependencies = (
			);
			name = ToysAR;
			productName = ToysAR;
			productReference = A107977822A75C7C00715458 /* ToysAR.app */;
			productType = "com.apple.product-type.application";
		};
/* End PBXNativeTarget section */

/* Begin PBXProject section */
		A107977022A75C7C00715458 /* Project object */ = {
			isa = PBXProject;
			attributes = {
				LastSwiftUpdateCheck = 1020;
				LastUpgradeCheck = 1020;
				ORGANIZATIONNAME = toysAR;
				TargetAttributes = {
					A107977722A75C7C00715458 = {
						CreatedOnToolsVersion = 10.2.1;
					};
				};
			};
			buildConfigurationList = A107977322A75C7C00715458 /* Build configuration list for PBXProject "ToysAR" */;
			compatibilityVersion = "Xcode 9.3";
			developmentRegion = en;
			hasScannedForEncodings = 0;
			knownRegions = (
				en,
				Base,
			);
			mainGroup = A107976F22A75C7C00715458;
			productRefGroup = A107977922A75C7C00715458 /* Products */;
			projectDirPath = "";
			projectRoot = "";
			targets = (
				A107977722A75C7C00715458 /* ToysAR */,
			);
		};
/* End PBXProject section */

/* Begin PBXResourcesBuildPhase section */
		A107977622A75C7C00715458 /* Resources */ = {
			isa = PBXResourcesBuildPhase;
			buildActionMask = 2147483647;
			files = (
				A10D3D0922A7A5C4009E440D /* redchair.usdz in Resources */,
				A107978622A75C7C00715458 /* LaunchScreen.storyboard in Resources */,
				A107978322A75C7C00715458 /* Assets.xcassets in Resources */,
				A107978122A75C7C00715458 /* Main.storyboard in Resources */,
				A10D3D0722A7A459009E440D /* toy_drummer.usdz in Resources */,
			);
			runOnlyForDeploymentPostprocessing = 0;
		};
/* End PBXResourcesBuildPhase section */

/* Begin PBXSourcesBuildPhase section */
		A107977422A75C7C00715458 /* Sources */ = {
			isa = PBXSourcesBuildPhase;
			buildActionMask = 2147483647;
			files = (
				A107977E22A75C7C00715458 /* ViewController.swift in Sources */,
				A107977C22A75C7C00715458 /* AppDelegate.swift in Sources */,
			);
			runOnlyForDeploymentPostprocessing = 0;
		};
/* End PBXSourcesBuildPhase section */

/* Begin PBXVariantGroup section */
		A107977F22A75C7C00715458 /* Main.storyboard */ = {
			isa = PBXVariantGroup;
			children = (
				A107978022A75C7C00715458 /* Base */,
			);
			name = Main.storyboard;
			sourceTree = "<group>";
		};
		A107978422A75C7C00715458 /* LaunchScreen.storyboard */ = {
			isa = PBXVariantGroup;
			children = (
				A107978522A75C7C00715458 /* Base */,
			);
			name = LaunchScreen.storyboard;
			sourceTree = "<group>";
		};
/* End PBXVariantGroup section */

/* Begin XCBuildConfiguration section */
		A107978822A75C7C00715458 /* Debug */ = {
			isa = XCBuildConfiguration;
			buildSettings = {
				ALWAYS_SEARCH_USER_PATHS = NO;
				CLANG_ANALYZER_NONNULL = YES;
				CLANG_ANALYZER_NUMBER_OBJECT_CONVERSION = YES_AGGRESSIVE;
				CLANG_CXX_LANGUAGE_STANDARD = "gnu++14";
				CLANG_CXX_LIBRARY = "libc++";
				CLANG_ENABLE_MODULES = YES;
				CLANG_ENABLE_OBJC_ARC = YES;
				CLANG_ENABLE_OBJC_WEAK = YES;
				CLANG_WARN_BLOCK_CAPTURE_AUTORELEASING = YES;
				CLANG_WARN_BOOL_CONVERSION = YES;
				CLANG_WARN_COMMA = YES;
				CLANG_WARN_CONSTANT_CONVERSION = YES;
				CLANG_WARN_DEPRECATED_OBJC_IMPLEMENTATIONS = YES;
				CLANG_WARN_DIRECT_OBJC_ISA_USAGE = YES_ERROR;
				CLANG_WARN_DOCUMENTATION_COMMENTS = YES;
				CLANG_WARN_EMPTY_BODY = YES;
				CLANG_WARN_ENUM_CONVERSION = YES;
				CLANG_WARN_INFINITE_RECURSION = YES;
				CLANG_WARN_INT_CONVERSION = YES;
				CLANG_WARN_NON_LITERAL_NULL_CONVERSION = YES;
				CLANG_WARN_OBJC_IMPLICIT_RETAIN_SELF = YES;
				CLANG_WARN_OBJC_LITERAL_CONVERSION = YES;
				CLANG_WARN_OBJC_ROOT_CLASS = YES_ERROR;
				CLANG_WARN_RANGE_LOOP_ANALYSIS = YES;
				CLANG_WARN_STRICT_PROTOTYPES = YES;
				CLANG_WARN_SUSPICIOUS_MOVE = YES;
				CLANG_WARN_UNGUARDED_AVAILABILITY = YES_AGGRESSIVE;
				CLANG_WARN_UNREACHABLE_CODE = YES;
				CLANG_WARN__DUPLICATE_METHOD_MATCH = YES;
				CODE_SIGN_IDENTITY = "iPhone Developer";
				COPY_PHASE_STRIP = NO;
				DEBUG_INFORMATION_FORMAT = dwarf;
				ENABLE_STRICT_OBJC_MSGSEND = YES;
				ENABLE_TESTABILITY = YES;
				GCC_C_LANGUAGE_STANDARD = gnu11;
				GCC_DYNAMIC_NO_PIC = NO;
				GCC_NO_COMMON_BLOCKS = YES;
				GCC_OPTIMIZATION_LEVEL = 0;
				GCC_PREPROCESSOR_DEFINITIONS = (
					"DEBUG=1",
					"$(inherited)",
				);
				GCC_WARN_64_TO_32_BIT_CONVERSION = YES;
				GCC_WARN_ABOUT_RETURN_TYPE = YES_ERROR;
				GCC_WARN_UNDECLARED_SELECTOR = YES;
				GCC_WARN_UNINITIALIZED_AUTOS = YES_AGGRESSIVE;
				GCC_WARN_UNUSED_FUNCTION = YES;
				GCC_WARN_UNUSED_VARIABLE = YES;
				IPHONEOS_DEPLOYMENT_TARGET = 12.2;
				MTL_ENABLE_DEBUG_INFO = INCLUDE_SOURCE;
				MTL_FAST_MATH = YES;
				ONLY_ACTIVE_ARCH = YES;
				SDKROOT = iphoneos;
				SWIFT_ACTIVE_COMPILATION_CONDITIONS = DEBUG;
				SWIFT_OPTIMIZATION_LEVEL = "-Onone";
			};
			name = Debug;
		};
		A107978922A75C7C00715458 /* Release */ = {
			isa = XCBuildConfiguration;
			buildSettings = {
				ALWAYS_SEARCH_USER_PATHS = NO;
				CLANG_ANALYZER_NONNULL = YES;
				CLANG_ANALYZER_NUMBER_OBJECT_CONVERSION = YES_AGGRESSIVE;
				CLANG_CXX_LANGUAGE_STANDARD = "gnu++14";
				CLANG_CXX_LIBRARY = "libc++";
				CLANG_ENABLE_MODULES = YES;
				CLANG_ENABLE_OBJC_ARC = YES;
				CLANG_ENABLE_OBJC_WEAK = YES;
				CLANG_WARN_BLOCK_CAPTURE_AUTORELEASING = YES;
				CLANG_WARN_BOOL_CONVERSION = YES;
				CLANG_WARN_COMMA = YES;
				CLANG_WARN_CONSTANT_CONVERSION = YES;
				CLANG_WARN_DEPRECATED_OBJC_IMPLEMENTATIONS = YES;
				CLANG_WARN_DIRECT_OBJC_ISA_USAGE = YES_ERROR;
				CLANG_WARN_DOCUMENTATION_COMMENTS = YES;
				CLANG_WARN_EMPTY_BODY = YES;
				CLANG_WARN_ENUM_CONVERSION = YES;
				CLANG_WARN_INFINITE_RECURSION = YES;
				CLANG_WARN_INT_CONVERSION = YES;
				CLANG_WARN_NON_LITERAL_NULL_CONVERSION = YES;
				CLANG_WARN_OBJC_IMPLICIT_RETAIN_SELF = YES;
				CLANG_WARN_OBJC_LITERAL_CONVERSION = YES;
				CLANG_WARN_OBJC_ROOT_CLASS = YES_ERROR;
				CLANG_WARN_RANGE_LOOP_ANALYSIS = YES;
				CLANG_WARN_STRICT_PROTOTYPES = YES;
				CLANG_WARN_SUSPICIOUS_MOVE = YES;
				CLANG_WARN_UNGUARDED_AVAILABILITY = YES_AGGRESSIVE;
				CLANG_WARN_UNREACHABLE_CODE = YES;
				CLANG_WARN__DUPLICATE_METHOD_MATCH = YES;
				CODE_SIGN_IDENTITY = "iPhone Developer";
				COPY_PHASE_STRIP = NO;
				DEBUG_INFORMATION_FORMAT = "dwarf-with-dsym";
				ENABLE_NS_ASSERTIONS = NO;
				ENABLE_STRICT_OBJC_MSGSEND = YES;
				GCC_C_LANGUAGE_STANDARD = gnu11;
				GCC_NO_COMMON_BLOCKS = YES;
				GCC_WARN_64_TO_32_BIT_CONVERSION = YES;
				GCC_WARN_ABOUT_RETURN_TYPE = YES_ERROR;
				GCC_WARN_UNDECLARED_SELECTOR = YES;
				GCC_WARN_UNINITIALIZED_AUTOS = YES_AGGRESSIVE;
				GCC_WARN_UNUSED_FUNCTION = YES;
				GCC_WARN_UNUSED_VARIABLE = YES;
				IPHONEOS_DEPLOYMENT_TARGET = 12.2;
				MTL_ENABLE_DEBUG_INFO = NO;
				MTL_FAST_MATH = YES;
				SDKROOT = iphoneos;
				SWIFT_COMPILATION_MODE = wholemodule;
				SWIFT_OPTIMIZATION_LEVEL = "-O";
				VALIDATE_PRODUCT = YES;
			};
			name = Release;
		};
		A107978B22A75C7C00715458 /* Debug */ = {
			isa = XCBuildConfiguration;
			buildSettings = {
				ASSETCATALOG_COMPILER_APPICON_NAME = AppIcon;
				CODE_SIGN_STYLE = Automatic;
				DEVELOPMENT_TEAM = 68584JJYB3;
				INFOPLIST_FILE = ToysAR/Info.plist;
				LD_RUNPATH_SEARCH_PATHS = (
					"$(inherited)",
					"@executable_path/Frameworks",
				);
				PRODUCT_BUNDLE_IDENTIFIER = toysAR.com.ToysAR;
				PRODUCT_NAME = "$(TARGET_NAME)";
				SWIFT_VERSION = 5.0;
				TARGETED_DEVICE_FAMILY = "1,2";
			};
			name = Debug;
		};
		A107978C22A75C7C00715458 /* Release */ = {
			isa = XCBuildConfiguration;
			buildSettings = {
				ASSETCATALOG_COMPILER_APPICON_NAME = AppIcon;
				CODE_SIGN_STYLE = Automatic;
				DEVELOPMENT_TEAM = 68584JJYB3;
				INFOPLIST_FILE = ToysAR/Info.plist;
				LD_RUNPATH_SEARCH_PATHS = (
					"$(inherited)",
					"@executable_path/Frameworks",
				);
				PRODUCT_BUNDLE_IDENTIFIER = toysAR.com.ToysAR;
				PRODUCT_NAME = "$(TARGET_NAME)";
				SWIFT_VERSION = 5.0;
				TARGETED_DEVICE_FAMILY = "1,2";
			};
			name = Release;
		};
/* End XCBuildConfiguration section */

/* Begin XCConfigurationList section */
		A107977322A75C7C00715458 /* Build configuration list for PBXProject "ToysAR" */ = {
			isa = XCConfigurationList;
			buildConfigurations = (
				A107978822A75C7C00715458 /* Debug */,
				A107978922A75C7C00715458 /* Release */,
			);
			defaultConfigurationIsVisible = 0;
			defaultConfigurationName = Release;
		};
		A107978A22A75C7C00715458 /* Build configuration list for PBXNativeTarget "ToysAR" */ = {
			isa = XCConfigurationList;
			buildConfigurations = (
				A107978B22A75C7C00715458 /* Debug */,
				A107978C22A75C7C00715458 /* Release */,
			);
			defaultConfigurationIsVisible = 0;
			defaultConfigurationName = Release;
		};
/* End XCConfigurationList section */
	};
	rootObject = A107977022A75C7C00715458 /* Project object */;
}
